
Microsoft Visual Studio Solution File, Format Version 12.00
# Visual Studio Version 17
VisualStudioVersion = 17.0.31903.59
MinimumVisualStudioVersion = 10.0.40219.1
Project("{FAE04EC0-301F-11D3-BF4B-00C04F79EFBC}") = "NexusGrid.OrderService", "src\NexusGrid.OrderService\NexusGrid.OrderService.csproj", "{A1B2C3D4-1234-5678-9ABC-DEF012345678}"
EndProject
Project("{FAE04EC0-301F-11D3-BF4B-00C04F79EFBC}") = "NexusGrid.Shared", "src\NexusGrid.Shared\NexusGrid.Shared.csproj", "{B2C3D4E5-2345-6789-ABCD-EF0123456789}"
EndProject
Project("{FAE04EC0-301F-11D3-BF4B-00C04F79EFBC}") = "NexusGrid.OrderService.Tests", "tests\NexusGrid.OrderService.Tests\NexusGrid.OrderService.Tests.csproj", "{C3D4E5F6-3456-789A-BCDE-F01234567890}"
EndProject
Project("{2150E333-8FDC-42A3-9474-1A3956D46DE8}") = "src", "src", "{827E0CD3-B72D-47B6-A68D-7590B98EB39B}"
EndProject
Project("{FAE04EC0-301F-11D3-BF4B-00C04F79EFBC}") = "NexusGrid.UserService", "src\NexusGrid.UserService\NexusGrid.UserService.csproj", "{C35D9B38-717B-4B20-8E3C-151E4355202A}"
EndProject
Project("{2150E333-8FDC-42A3-9474-1A3956D46DE8}") = "tests", "tests", "{0AB3BF05-4346-4AA6-1389-037BE0695223}"
EndProject
Project("{FAE04EC0-301F-11D3-BF4B-00C04F79EFBC}") = "NexusGrid.UserService.Tests", "tests\NexusGrid.UserService.Tests\NexusGrid.UserService.Tests.csproj", "{FA4574BC-D1A6-47CB-A52D-C0203FC1931D}"
EndProject
Project("{FAE04EC0-301F-11D3-BF4B-00C04F79EFBC}") = "NexusGrid.NotificationService", "src\NexusGrid.NotificationService\NexusGrid.NotificationService.csproj", "{F34C0E2C-DA13-4086-80E8-5A46C9D6739E}"
EndProject
Project("{FAE04EC0-301F-11D3-BF4B-00C04F79EFBC}") = "NexusGrid.NotificationService.Tests", "tests\NexusGrid.NotificationService.Tests\NexusGrid.NotificationService.Tests.csproj", "{52D62C44-B4E9-48A1-9895-80822EEFFC1D}"
EndProject
Project("{FAE04EC0-301F-11D3-BF4B-00C04F79EFBC}") = "NexusGrid.Gateway", "src\NexusGrid.Gateway\NexusGrid.Gateway.csproj", "{835121D6-22B1-425C-8AC2-E69716FAFA36}"
EndProject
Project("{FAE04EC0-301F-11D3-BF4B-00C04F79EFBC}") = "NexusGrid.Gateway.Tests", "tests\NexusGrid.Gateway.Tests\NexusGrid.Gateway.Tests.csproj", "{68921320-8C29-47AD-A613-C79C0AD5A8B9}"
EndProject
Global
	GlobalSection(SolutionConfigurationPlatforms) = preSolution
		Debug|Any CPU = Debug|Any CPU
		Debug|x64 = Debug|x64
		Debug|x86 = Debug|x86
		Release|Any CPU = Release|Any CPU
		Release|x64 = Release|x64
		Release|x86 = Release|x86
	EndGlobalSection
	GlobalSection(ProjectConfigurationPlatforms) = postSolution
		{A1B2C3D4-1234-5678-9ABC-DEF012345678}.Debug|Any CPU.ActiveCfg = Debug|Any CPU
		{A1B2C3D4-1234-5678-9ABC-DEF012345678}.Debug|Any CPU.Build.0 = Debug|Any CPU
		{A1B2C3D4-1234-5678-9ABC-DEF012345678}.Debug|x64.ActiveCfg = Debug|Any CPU
		{A1B2C3D4-1234-5678-9ABC-DEF012345678}.Debug|x64.Build.0 = Debug|Any CPU
		{A1B2C3D4-1234-5678-9ABC-DEF012345678}.Debug|x86.ActiveCfg = Debug|Any CPU
		{A1B2C3D4-1234-5678-9ABC-DEF012345678}.Debug|x86.Build.0 = Debug|Any CPU
		{A1B2C3D4-1234-5678-9ABC-DEF012345678}.Release|Any CPU.ActiveCfg = Release|Any CPU
		{A1B2C3D4-1234-5678-9ABC-DEF012345678}.Release|Any CPU.Build.0 = Release|Any CPU
		{A1B2C3D4-1234-5678-9ABC-DEF012345678}.Release|x64.ActiveCfg = Release|Any CPU
		{A1B2C3D4-1234-5678-9ABC-DEF012345678}.Release|x64.Build.0 = Release|Any CPU
		{A1B2C3D4-1234-5678-9ABC-DEF012345678}.Release|x86.ActiveCfg = Release|Any CPU
		{A1B2C3D4-1234-5678-9ABC-DEF012345678}.Release|x86.Build.0 = Release|Any CPU
		{B2C3D4E5-2345-6789-ABCD-EF0123456789}.Debug|Any CPU.ActiveCfg = Debug|Any CPU
		{B2C3D4E5-2345-6789-ABCD-EF0123456789}.Debug|Any CPU.Build.0 = Debug|Any CPU
		{B2C3D4E5-2345-6789-ABCD-EF0123456789}.Debug|x64.ActiveCfg = Debug|Any CPU
		{B2C3D4E5-2345-6789-ABCD-EF0123456789}.Debug|x64.Build.0 = Debug|Any CPU
		{B2C3D4E5-2345-6789-ABCD-EF0123456789}.Debug|x86.ActiveCfg = Debug|Any CPU
		{B2C3D4E5-2345-6789-ABCD-EF0123456789}.Debug|x86.Build.0 = Debug|Any CPU
		{B2C3D4E5-2345-6789-ABCD-EF0123456789}.Release|Any CPU.ActiveCfg = Release|Any CPU
		{B2C3D4E5-2345-6789-ABCD-EF0123456789}.Release|Any CPU.Build.0 = Release|Any CPU
		{B2C3D4E5-2345-6789-ABCD-EF0123456789}.Release|x64.ActiveCfg = Release|Any CPU
		{B2C3D4E5-2345-6789-ABCD-EF0123456789}.Release|x64.Build.0 = Release|Any CPU
		{B2C3D4E5-2345-6789-ABCD-EF0123456789}.Release|x86.ActiveCfg = Release|Any CPU
		{B2C3D4E5-2345-6789-ABCD-EF0123456789}.Release|x86.Build.0 = Release|Any CPU
		{C3D4E5F6-3456-789A-BCDE-F01234567890}.Debug|Any CPU.ActiveCfg = Debug|Any CPU
		{C3D4E5F6-3456-789A-BCDE-F01234567890}.Debug|Any CPU.Build.0 = Debug|Any CPU
		{C3D4E5F6-3456-789A-BCDE-F01234567890}.Debug|x64.ActiveCfg = Debug|Any CPU
		{C3D4E5F6-3456-789A-BCDE-F01234567890}.Debug|x64.Build.0 = Debug|Any CPU
		{C3D4E5F6-3456-789A-BCDE-F01234567890}.Debug|x86.ActiveCfg = Debug|Any CPU
		{C3D4E5F6-3456-789A-BCDE-F01234567890}.Debug|x86.Build.0 = Debug|Any CPU
		{C3D4E5F6-3456-789A-BCDE-F01234567890}.Release|Any CPU.ActiveCfg = Release|Any CPU
		{C3D4E5F6-3456-789A-BCDE-F01234567890}.Release|Any CPU.Build.0 = Release|Any CPU
		{C3D4E5F6-3456-789A-BCDE-F01234567890}.Release|x64.ActiveCfg = Release|Any CPU
		{C3D4E5F6-3456-789A-BCDE-F01234567890}.Release|x64.Build.0 = Release|Any CPU
		{C3D4E5F6-3456-789A-BCDE-F01234567890}.Release|x86.ActiveCfg = Release|Any CPU
		{C3D4E5F6-3456-789A-BCDE-F01234567890}.Release|x86.Build.0 = Release|Any CPU
		{C35D9B38-717B-4B20-8E3C-151E4355202A}.Debug|Any CPU.ActiveCfg = Debug|Any CPU
		{C35D9B38-717B-4B20-8E3C-151E4355202A}.Debug|Any CPU.Build.0 = Debug|Any CPU
		{C35D9B38-717B-4B20-8E3C-151E4355202A}.Debug|x64.ActiveCfg = Debug|Any CPU
		{C35D9B38-717B-4B20-8E3C-151E4355202A}.Debug|x64.Build.0 = Debug|Any CPU
		{C35D9B38-717B-4B20-8E3C-151E4355202A}.Debug|x86.ActiveCfg = Debug|Any CPU
		{C35D9B38-717B-4B20-8E3C-151E4355202A}.Debug|x86.Build.0 = Debug|Any CPU
		{C35D9B38-717B-4B20-8E3C-151E4355202A}.Release|Any CPU.ActiveCfg = Release|Any CPU
		{C35D9B38-717B-4B20-8E3C-151E4355202A}.Release|Any CPU.Build.0 = Release|Any CPU
		{C35D9B38-717B-4B20-8E3C-151E4355202A}.Release|x64.ActiveCfg = Release|Any CPU
		{C35D9B38-717B-4B20-8E3C-151E4355202A}.Release|x64.Build.0 = Release|Any CPU
		{C35D9B38-717B-4B20-8E3C-151E4355202A}.Release|x86.ActiveCfg = Release|Any CPU
		{C35D9B38-717B-4B20-8E3C-151E4355202A}.Release|x86.Build.0 = Release|Any CPU
		{FA4574BC-D1A6-47CB-A52D-C0203FC1931D}.Debug|Any CPU.ActiveCfg = Debug|Any CPU
		{FA4574BC-D1A6-47CB-A52D-C0203FC1931D}.Debug|Any CPU.Build.0 = Debug|Any CPU
		{FA4574BC-D1A6-47CB-A52D-C0203FC1931D}.Debug|x64.ActiveCfg = Debug|Any CPU
		{FA4574BC-D1A6-47CB-A52D-C0203FC1931D}.Debug|x64.Build.0 = Debug|Any CPU
		{FA4574BC-D1A6-47CB-A52D-C0203FC1931D}.Debug|x86.ActiveCfg = Debug|Any CPU
		{FA4574BC-D1A6-47CB-A52D-C0203FC1931D}.Debug|x86.Build.0 = Debug|Any CPU
		{FA4574BC-D1A6-47CB-A52D-C0203FC1931D}.Release|Any CPU.ActiveCfg = Release|Any CPU
		{FA4574BC-D1A6-47CB-A52D-C0203FC1931D}.Release|Any CPU.Build.0 = Release|Any CPU
		{FA4574BC-D1A6-47CB-A52D-C0203FC1931D}.Release|x64.ActiveCfg = Release|Any CPU
		{FA4574BC-D1A6-47CB-A52D-C0203FC1931D}.Release|x64.Build.0 = Release|Any CPU
		{FA4574BC-D1A6-47CB-A52D-C0203FC1931D}.Release|x86.ActiveCfg = Release|Any CPU
		{FA4574BC-D1A6-47CB-A52D-C0203FC1931D}.Release|x86.Build.0 = Release|Any CPU
		{F34C0E2C-DA13-4086-80E8-5A46C9D6739E}.Debug|Any CPU.ActiveCfg = Debug|Any CPU
		{F34C0E2C-DA13-4086-80E8-5A46C9D6739E}.Debug|Any CPU.Build.0 = Debug|Any CPU
		{F34C0E2C-DA13-4086-80E8-5A46C9D6739E}.Debug|x64.ActiveCfg = Debug|Any CPU
		{F34C0E2C-DA13-4086-80E8-5A46C9D6739E}.Debug|x64.Build.0 = Debug|Any CPU
		{F34C0E2C-DA13-4086-80E8-5A46C9D6739E}.Debug|x86.ActiveCfg = Debug|Any CPU
		{F34C0E2C-DA13-4086-80E8-5A46C9D6739E}.Debug|x86.Build.0 = Debug|Any CPU
		{F34C0E2C-DA13-4086-80E8-5A46C9D6739E}.Release|Any CPU.ActiveCfg = Release|Any CPU
		{F34C0E2C-DA13-4086-80E8-5A46C9D6739E}.Release|Any CPU.Build.0 = Release|Any CPU
		{F34C0E2C-DA13-4086-80E8-5A46C9D6739E}.Release|x64.ActiveCfg = Release|Any CPU
		{F34C0E2C-DA13-4086-80E8-5A46C9D6739E}.Release|x64.Build.0 = Release|Any CPU
		{F34C0E2C-DA13-4086-80E8-5A46C9D6739E}.Release|x86.ActiveCfg = Release|Any CPU
		{F34C0E2C-DA13-4086-80E8-5A46C9D6739E}.Release|x86.Build.0 = Release|Any CPU
		{52D62C44-B4E9-48A1-9895-80822EEFFC1D}.Debug|Any CPU.ActiveCfg = Debug|Any CPU
		{52D62C44-B4E9-48A1-9895-80822EEFFC1D}.Debug|Any CPU.Build.0 = Debug|Any CPU
		{52D62C44-B4E9-48A1-9895-80822EEFFC1D}.Debug|x64.ActiveCfg = Debug|Any CPU
		{52D62C44-B4E9-48A1-9895-80822EEFFC1D}.Debug|x64.Build.0 = Debug|Any CPU
		{52D62C44-B4E9-48A1-9895-80822EEFFC1D}.Debug|x86.ActiveCfg = Debug|Any CPU
		{52D62C44-B4E9-48A1-9895-80822EEFFC1D}.Debug|x86.Build.0 = Debug|Any CPU
		{52D62C44-B4E9-48A1-9895-80822EEFFC1D}.Release|Any CPU.ActiveCfg = Release|Any CPU
		{52D62C44-B4E9-48A1-9895-80822EEFFC1D}.Release|Any CPU.Build.0 = Release|Any CPU
		{52D62C44-B4E9-48A1-9895-80822EEFFC1D}.Release|x64.ActiveCfg = Release|Any CPU
		{52D62C44-B4E9-48A1-9895-80822EEFFC1D}.Release|x64.Build.0 = Release|Any CPU
		{52D62C44-B4E9-48A1-9895-80822EEFFC1D}.Release|x86.ActiveCfg = Release|Any CPU
		{52D62C44-B4E9-48A1-9895-80822EEFFC1D}.Release|x86.Build.0 = Release|Any CPU
		{835121D6-22B1-425C-8AC2-E69716FAFA36}.Debug|Any CPU.ActiveCfg = Debug|Any CPU
		{835121D6-22B1-425C-8AC2-E69716FAFA36}.Debug|Any CPU.Build.0 = Debug|Any CPU
		{835121D6-22B1-425C-8AC2-E69716FAFA36}.Debug|x64.ActiveCfg = Debug|Any CPU
		{835121D6-22B1-425C-8AC2-E69716FAFA36}.Debug|x64.Build.0 = Debug|Any CPU
		{835121D6-22B1-425C-8AC2-E69716FAFA36}.Debug|x86.ActiveCfg = Debug|Any CPU
		{835121D6-22B1-425C-8AC2-E69716FAFA36}.Debug|x86.Build.0 = Debug|Any CPU
		{835121D6-22B1-425C-8AC2-E69716FAFA36}.Release|Any CPU.ActiveCfg = Release|Any CPU
		{835121D6-22B1-425C-8AC2-E69716FAFA36}.Release|Any CPU.Build.0 = Release|Any CPU
		{835121D6-22B1-425C-8AC2-E69716FAFA36}.Release|x64.ActiveCfg = Release|Any CPU
		{835121D6-22B1-425C-8AC2-E69716FAFA36}.Release|x64.Build.0 = Release|Any CPU
		{835121D6-22B1-425C-8AC2-E69716FAFA36}.Release|x86.ActiveCfg = Release|Any CPU
		{835121D6-22B1-425C-8AC2-E69716FAFA36}.Release|x86.Build.0 = Release|Any CPU
		{68921320-8C29-47AD-A613-C79C0AD5A8B9}.Debug|Any CPU.ActiveCfg = Debug|Any CPU
		{68921320-8C29-47AD-A613-C79C0AD5A8B9}.Debug|Any CPU.Build.0 = Debug|Any CPU
		{68921320-8C29-47AD-A613-C79C0AD5A8B9}.Debug|x64.ActiveCfg = Debug|Any CPU
		{68921320-8C29-47AD-A613-C79C0AD5A8B9}.Debug|x64.Build.0 = Debug|Any CPU
		{68921320-8C29-47AD-A613-C79C0AD5A8B9}.Debug|x86.ActiveCfg = Debug|Any CPU
		{68921320-8C29-47AD-A613-C79C0AD5A8B9}.Debug|x86.Build.0 = Debug|Any CPU
		{68921320-8C29-47AD-A613-C79C0AD5A8B9}.Release|Any CPU.ActiveCfg = Release|Any CPU
		{68921320-8C29-47AD-A613-C79C0AD5A8B9}.Release|Any CPU.Build.0 = Release|Any CPU
		{68921320-8C29-47AD-A613-C79C0AD5A8B9}.Release|x64.ActiveCfg = Release|Any CPU
		{68921320-8C29-47AD-A613-C79C0AD5A8B9}.Release|x64.Build.0 = Release|Any CPU
		{68921320-8C29-47AD-A613-C79C0AD5A8B9}.Release|x86.ActiveCfg = Release|Any CPU
		{68921320-8C29-47AD-A613-C79C0AD5A8B9}.Release|x86.Build.0 = Release|Any CPU
	EndGlobalSection
	GlobalSection(SolutionProperties) = preSolution
		HideSolutionNode = FALSE
	EndGlobalSection
	GlobalSection(NestedProjects) = preSolution
		{C35D9B38-717B-4B20-8E3C-151E4355202A} = {827E0CD3-B72D-47B6-A68D-7590B98EB39B}
		{FA4574BC-D1A6-47CB-A52D-C0203FC1931D} = {0AB3BF05-4346-4AA6-1389-037BE0695223}
		{F34C0E2C-DA13-4086-80E8-5A46C9D6739E} = {827E0CD3-B72D-47B6-A68D-7590B98EB39B}
		{52D62C44-B4E9-48A1-9895-80822EEFFC1D} = {0AB3BF05-4346-4AA6-1389-037BE0695223}
		{835121D6-22B1-425C-8AC2-E69716FAFA36} = {827E0CD3-B72D-47B6-A68D-7590B98EB39B}
		{68921320-8C29-47AD-A613-C79C0AD5A8B9} = {0AB3BF05-4346-4AA6-1389-037BE0695223}
	EndGlobalSection
EndGlobal
